
Microsoft Visual Studio Solution File, Format Version 12.00
# Visual Studio Version 18
VisualStudioVersion = 18.4.11519.219 insiders
MinimumVisualStudioVersion = 10.0.40219.1
Project("{FAE04EC0-301F-11D3-BF4B-00C04F79EFBC}") = "Voltix.API", "Voltix.API\Voltix.API.csproj", "{1A451873-8642-B0CE-E8E5-B243AA21FCD8}"
EndProject
Project("{FAE04EC0-301F-11D3-BF4B-00C04F79EFBC}") = "Voltix.Application", "Voltix.Application\Voltix.Application.csproj", "{C59EC3C9-F746-EF72-36D8-1E05FFC45108}"
EndProject
Project("{FAE04EC0-301F-11D3-BF4B-00C04F79EFBC}") = "Voltix.Domain", "Voltix.Domain\Voltix.Domain.csproj", "{EE525665-DD46-F932-0E92-E28FD15D05B9}"
EndProject
Project("{FAE04EC0-301F-11D3-BF4B-00C04F79EFBC}") = "Voltix.Infrastructure", "Voltix.Infrastructure\Voltix.Infrastructure.csproj", "{9C8F2413-3EF3-9212-159A-CB5389775750}"
EndProject
Global
	GlobalSection(SolutionConfigurationPlatforms) = preSolution
		Debug|Any CPU = Debug|Any CPU
		Release|Any CPU = Release|Any CPU
	EndGlobalSection
	GlobalSection(ProjectConfigurationPlatforms) = postSolution
		{1A451873-8642-B0CE-E8E5-B243AA21FCD8}.Debug|Any CPU.ActiveCfg = Debug|Any CPU
		{1A451873-8642-B0CE-E8E5-B243AA21FCD8}.Debug|Any CPU.Build.0 = Debug|Any CPU
		{1A451873-8642-B0CE-E8E5-B243AA21FCD8}.Release|Any CPU.ActiveCfg = Release|Any CPU
		{1A451873-8642-B0CE-E8E5-B243AA21FCD8}.Release|Any CPU.Build.0 = Release|Any CPU
		{C59EC3C9-F746-EF72-36D8-1E05FFC45108}.Debug|Any CPU.ActiveCfg = Debug|Any CPU
		{C59EC3C9-F746-EF72-36D8-1E05FFC45108}.Debug|Any CPU.Build.0 = Debug|Any CPU
		{C59EC3C9-F746-EF72-36D8-1E05FFC45108}.Release|Any CPU.ActiveCfg = Release|Any CPU
		{C59EC3C9-F746-EF72-36D8-1E05FFC45108}.Release|Any CPU.Build.0 = Release|Any CPU
		{EE525665-DD46-F932-0E92-E28FD15D05B9}.Debug|Any CPU.ActiveCfg = Debug|Any CPU
		{EE525665-DD46-F932-0E92-E28FD15D05B9}.Debug|Any CPU.Build.0 = Debug|Any CPU
		{EE525665-DD46-F932-0E92-E28FD15D05B9}.Release|Any CPU.ActiveCfg = Release|Any CPU
		{EE525665-DD46-F932-0E92-E28FD15D05B9}.Release|Any CPU.Build.0 = Release|Any CPU
		{9C8F2413-3EF3-9212-159A-CB5389775750}.Debug|Any CPU.ActiveCfg = Debug|Any CPU
		{9C8F2413-3EF3-9212-159A-CB5389775750}.Debug|Any CPU.Build.0 = Debug|Any CPU
		{9C8F2413-3EF3-9212-159A-CB5389775750}.Release|Any CPU.ActiveCfg = Release|Any CPU
		{9C8F2413-3EF3-9212-159A-CB5389775750}.Release|Any CPU.Build.0 = Release|Any CPU
	EndGlobalSection
	GlobalSection(SolutionProperties) = preSolution
		HideSolutionNode = FALSE
	EndGlobalSection
	GlobalSection(ExtensibilityGlobals) = postSolution
		SolutionGuid = {229C73C2-CE47-4D6A-9134-96DA8F397A1C}
	EndGlobalSection
EndGlobal
